// !$*UTF8*$!
{
	archiveVersion = 1;
	classes = {
	};
	objectVersion = 46;
	objects = {

/* Begin PBXBuildFile section */
		040B706F1F47C31C0070412C /* APIDelegate.swift in Sources */ = {isa = PBXBuildFile; fileRef = 040B70651F47C31C0070412C /* APIDelegate.swift */; };
		040B70701F47C31C0070412C /* APIManager.swift in Sources */ = {isa = PBXBuildFile; fileRef = 040B70661F47C31C0070412C /* APIManager.swift */; };
		040B70711F47C31C0070412C /* APISettings.swift in Sources */ = {isa = PBXBuildFile; fileRef = 040B70671F47C31C0070412C /* APISettings.swift */; };
		040B70721F47C31C0070412C /* EpisodeModel.swift in Sources */ = {isa = PBXBuildFile; fileRef = 040B70681F47C31C0070412C /* EpisodeModel.swift */; };
		040B70751F47C31C0070412C /* SeasonModel.swift in Sources */ = {isa = PBXBuildFile; fileRef = 040B706B1F47C31C0070412C /* SeasonModel.swift */; };
		040B70771F47C31C0070412C /* ShowModel.swift in Sources */ = {isa = PBXBuildFile; fileRef = 040B706D1F47C31C0070412C /* ShowModel.swift */; };
		040B70781F47C31C0070412C /* ShowModel+Parse.swift in Sources */ = {isa = PBXBuildFile; fileRef = 040B706E1F47C31C0070412C /* ShowModel+Parse.swift */; };
		040B707F1F47C41F0070412C /* apiManagerTests.swift in Sources */ = {isa = PBXBuildFile; fileRef = 040B707E1F47C41F0070412C /* apiManagerTests.swift */; };
		040B70811F48A39B0070412C /* SeasonModel+Parse.swift in Sources */ = {isa = PBXBuildFile; fileRef = 040B70801F48A39B0070412C /* SeasonModel+Parse.swift */; };
		047975271F4A740D003EE7A8 /* URLSession+DownloadImage.swift in Sources */ = {isa = PBXBuildFile; fileRef = 047975261F4A740D003EE7A8 /* URLSession+DownloadImage.swift */; };
		0479752B1F4A8958003EE7A8 /* SeasonCellDelegate.swift in Sources */ = {isa = PBXBuildFile; fileRef = 0479752A1F4A8958003EE7A8 /* SeasonCellDelegate.swift */; };
		0479752D1F4AA98A003EE7A8 /* FavoritesViewController.swift in Sources */ = {isa = PBXBuildFile; fileRef = 0479752C1F4AA98A003EE7A8 /* FavoritesViewController.swift */; };
		0479752F1F4AA9A5003EE7A8 /* FavoriteCell.swift in Sources */ = {isa = PBXBuildFile; fileRef = 0479752E1F4AA9A5003EE7A8 /* FavoriteCell.swift */; };
		047975311F4ABC84003EE7A8 /* FavoriteCellDelegate.swift in Sources */ = {isa = PBXBuildFile; fileRef = 047975301F4ABC84003EE7A8 /* FavoriteCellDelegate.swift */; };
		04B2AADE1F4947E9000054E2 /* seriesManager.xcdatamodeld in Sources */ = {isa = PBXBuildFile; fileRef = 04B2AADC1F4947E9000054E2 /* seriesManager.xcdatamodeld */; };
		04B2AAE01F494BE6000054E2 /* DataPersistenceManager.swift in Sources */ = {isa = PBXBuildFile; fileRef = 04B2AADF1F494BE6000054E2 /* DataPersistenceManager.swift */; };
		04B2AAE41F4A1A9B000054E2 /* EpisodeModel+DataPersistenceKeys.swift in Sources */ = {isa = PBXBuildFile; fileRef = 04B2AAE31F4A1A9B000054E2 /* EpisodeModel+DataPersistenceKeys.swift */; };
		04B2AAE81F4A3D9C000054E2 /* SeasonCell.swift in Sources */ = {isa = PBXBuildFile; fileRef = 04B2AAE71F4A3D9C000054E2 /* SeasonCell.swift */; };
		04B2AAEC1F4A40AE000054E2 /* TabBarViewController.swift in Sources */ = {isa = PBXBuildFile; fileRef = 04B2AAEB1F4A40AE000054E2 /* TabBarViewController.swift */; };
		04B2AAEE1F4A414E000054E2 /* SeasonViewController.swift in Sources */ = {isa = PBXBuildFile; fileRef = 04B2AAED1F4A414E000054E2 /* SeasonViewController.swift */; };
		04B2AAF21F4A605F000054E2 /* DetailViewController.swift in Sources */ = {isa = PBXBuildFile; fileRef = 04B2AAF11F4A605F000054E2 /* DetailViewController.swift */; };
		04C175031F472E3E00FE5691 /* AppDelegate.swift in Sources */ = {isa = PBXBuildFile; fileRef = 04C175021F472E3E00FE5691 /* AppDelegate.swift */; };
		04C175081F472E3E00FE5691 /* Main.storyboard in Resources */ = {isa = PBXBuildFile; fileRef = 04C175061F472E3E00FE5691 /* Main.storyboard */; };
		04C1750A1F472E3E00FE5691 /* Assets.xcassets in Resources */ = {isa = PBXBuildFile; fileRef = 04C175091F472E3E00FE5691 /* Assets.xcassets */; };
		04C1750D1F472E3E00FE5691 /* LaunchScreen.storyboard in Resources */ = {isa = PBXBuildFile; fileRef = 04C1750B1F472E3E00FE5691 /* LaunchScreen.storyboard */; };
		04C931FA1F48FC1F0047A6D8 /* EpisodeModel+Parse.swift in Sources */ = {isa = PBXBuildFile; fileRef = 04C931F91F48FC1F0047A6D8 /* EpisodeModel+Parse.swift */; };
		04D030421F4BAFF9003C7F4E /* StarRating.xib in Resources */ = {isa = PBXBuildFile; fileRef = 04D030411F4BAFF9003C7F4E /* StarRating.xib */; };
		04D030441F4BB23B003C7F4E /* StarRating.swift in Sources */ = {isa = PBXBuildFile; fileRef = 04D030431F4BB23B003C7F4E /* StarRating.swift */; };
/* End PBXBuildFile section */

/* Begin PBXContainerItemProxy section */
		04C175141F472E3F00FE5691 /* PBXContainerItemProxy */ = {
			isa = PBXContainerItemProxy;
			containerPortal = 04C174F71F472E3E00FE5691 /* Project object */;
			proxyType = 1;
			remoteGlobalIDString = 04C174FE1F472E3E00FE5691;
			remoteInfo = seriesManager;
		};
/* End PBXContainerItemProxy section */

/* Begin PBXFileReference section */
		040B70651F47C31C0070412C /* APIDelegate.swift */ = {isa = PBXFileReference; fileEncoding = 4; lastKnownFileType = sourcecode.swift; name = APIDelegate.swift; path = seriesManager/APIDelegate.swift; sourceTree = "<group>"; };
		040B70661F47C31C0070412C /* APIManager.swift */ = {isa = PBXFileReference; fileEncoding = 4; lastKnownFileType = sourcecode.swift; path = APIManager.swift; sourceTree = "<group>"; };
		040B70671F47C31C0070412C /* APISettings.swift */ = {isa = PBXFileReference; fileEncoding = 4; lastKnownFileType = sourcecode.swift; path = APISettings.swift; sourceTree = "<group>"; };
		040B70681F47C31C0070412C /* EpisodeModel.swift */ = {isa = PBXFileReference; fileEncoding = 4; lastKnownFileType = sourcecode.swift; name = EpisodeModel.swift; path = seriesManager/EpisodeModel.swift; sourceTree = "<group>"; };
		040B706B1F47C31C0070412C /* SeasonModel.swift */ = {isa = PBXFileReference; fileEncoding = 4; lastKnownFileType = sourcecode.swift; name = SeasonModel.swift; path = seriesManager/SeasonModel.swift; sourceTree = "<group>"; };
		040B706D1F47C31C0070412C /* ShowModel.swift */ = {isa = PBXFileReference; fileEncoding = 4; lastKnownFileType = sourcecode.swift; name = ShowModel.swift; path = seriesManager/ShowModel.swift; sourceTree = "<group>"; };
		040B706E1F47C31C0070412C /* ShowModel+Parse.swift */ = {isa = PBXFileReference; fileEncoding = 4; lastKnownFileType = sourcecode.swift; path = "ShowModel+Parse.swift"; sourceTree = "<group>"; };
		040B707E1F47C41F0070412C /* apiManagerTests.swift */ = {isa = PBXFileReference; fileEncoding = 4; lastKnownFileType = sourcecode.swift; path = apiManagerTests.swift; sourceTree = "<group>"; };
		040B70801F48A39B0070412C /* SeasonModel+Parse.swift */ = {isa = PBXFileReference; fileEncoding = 4; lastKnownFileType = sourcecode.swift; path = "SeasonModel+Parse.swift"; sourceTree = "<group>"; };
		047975261F4A740D003EE7A8 /* URLSession+DownloadImage.swift */ = {isa = PBXFileReference; fileEncoding = 4; lastKnownFileType = sourcecode.swift; path = "URLSession+DownloadImage.swift"; sourceTree = "<group>"; };
		0479752A1F4A8958003EE7A8 /* SeasonCellDelegate.swift */ = {isa = PBXFileReference; fileEncoding = 4; lastKnownFileType = sourcecode.swift; path = SeasonCellDelegate.swift; sourceTree = "<group>"; };
		0479752C1F4AA98A003EE7A8 /* FavoritesViewController.swift */ = {isa = PBXFileReference; fileEncoding = 4; lastKnownFileType = sourcecode.swift; path = FavoritesViewController.swift; sourceTree = "<group>"; };
		0479752E1F4AA9A5003EE7A8 /* FavoriteCell.swift */ = {isa = PBXFileReference; fileEncoding = 4; lastKnownFileType = sourcecode.swift; path = FavoriteCell.swift; sourceTree = "<group>"; };
		047975301F4ABC84003EE7A8 /* FavoriteCellDelegate.swift */ = {isa = PBXFileReference; fileEncoding = 4; lastKnownFileType = sourcecode.swift; path = FavoriteCellDelegate.swift; sourceTree = "<group>"; };
		04B2AADD1F4947E9000054E2 /* seriesManager.xcdatamodel */ = {isa = PBXFileReference; lastKnownFileType = wrapper.xcdatamodel; path = seriesManager.xcdatamodel; sourceTree = "<group>"; };
		04B2AADF1F494BE6000054E2 /* DataPersistenceManager.swift */ = {isa = PBXFileReference; fileEncoding = 4; lastKnownFileType = sourcecode.swift; path = DataPersistenceManager.swift; sourceTree = "<group>"; };
		04B2AAE31F4A1A9B000054E2 /* EpisodeModel+DataPersistenceKeys.swift */ = {isa = PBXFileReference; fileEncoding = 4; lastKnownFileType = sourcecode.swift; path = "EpisodeModel+DataPersistenceKeys.swift"; sourceTree = "<group>"; };
		04B2AAE71F4A3D9C000054E2 /* SeasonCell.swift */ = {isa = PBXFileReference; fileEncoding = 4; lastKnownFileType = sourcecode.swift; path = SeasonCell.swift; sourceTree = "<group>"; };
		04B2AAEB1F4A40AE000054E2 /* TabBarViewController.swift */ = {isa = PBXFileReference; fileEncoding = 4; lastKnownFileType = sourcecode.swift; path = TabBarViewController.swift; sourceTree = "<group>"; };
		04B2AAED1F4A414E000054E2 /* SeasonViewController.swift */ = {isa = PBXFileReference; fileEncoding = 4; lastKnownFileType = sourcecode.swift; path = SeasonViewController.swift; sourceTree = "<group>"; };
		04B2AAF11F4A605F000054E2 /* DetailViewController.swift */ = {isa = PBXFileReference; fileEncoding = 4; lastKnownFileType = sourcecode.swift; path = DetailViewController.swift; sourceTree = "<group>"; };
		04C174FF1F472E3E00FE5691 /* seriesManager.app */ = {isa = PBXFileReference; explicitFileType = wrapper.application; includeInIndex = 0; path = seriesManager.app; sourceTree = BUILT_PRODUCTS_DIR; };
		04C175021F472E3E00FE5691 /* AppDelegate.swift */ = {isa = PBXFileReference; lastKnownFileType = sourcecode.swift; path = AppDelegate.swift; sourceTree = "<group>"; };
		04C175071F472E3E00FE5691 /* Base */ = {isa = PBXFileReference; lastKnownFileType = file.storyboard; name = Base; path = Base.lproj/Main.storyboard; sourceTree = "<group>"; };
		04C175091F472E3E00FE5691 /* Assets.xcassets */ = {isa = PBXFileReference; lastKnownFileType = folder.assetcatalog; path = Assets.xcassets; sourceTree = "<group>"; };
		04C1750C1F472E3E00FE5691 /* Base */ = {isa = PBXFileReference; lastKnownFileType = file.storyboard; name = Base; path = Base.lproj/LaunchScreen.storyboard; sourceTree = "<group>"; };
		04C1750E1F472E3E00FE5691 /* Info.plist */ = {isa = PBXFileReference; lastKnownFileType = text.plist.xml; path = Info.plist; sourceTree = "<group>"; };
		04C175131F472E3F00FE5691 /* seriesManagerTests.xctest */ = {isa = PBXFileReference; explicitFileType = wrapper.cfbundle; includeInIndex = 0; path = seriesManagerTests.xctest; sourceTree = BUILT_PRODUCTS_DIR; };
		04C175191F472E3F00FE5691 /* Info.plist */ = {isa = PBXFileReference; lastKnownFileType = text.plist.xml; path = Info.plist; sourceTree = "<group>"; };
		04C931F91F48FC1F0047A6D8 /* EpisodeModel+Parse.swift */ = {isa = PBXFileReference; fileEncoding = 4; lastKnownFileType = sourcecode.swift; path = "EpisodeModel+Parse.swift"; sourceTree = "<group>"; };
		04D030411F4BAFF9003C7F4E /* StarRating.xib */ = {isa = PBXFileReference; fileEncoding = 4; lastKnownFileType = file.xib; path = StarRating.xib; sourceTree = "<group>"; };
		04D030431F4BB23B003C7F4E /* StarRating.swift */ = {isa = PBXFileReference; fileEncoding = 4; lastKnownFileType = sourcecode.swift; path = StarRating.swift; sourceTree = "<group>"; };
/* End PBXFileReference section */

/* Begin PBXFrameworksBuildPhase section */
		04C174FC1F472E3E00FE5691 /* Frameworks */ = {
			isa = PBXFrameworksBuildPhase;
			buildActionMask = 2147483647;
			files = (
			);
			runOnlyForDeploymentPostprocessing = 0;
		};
		04C175101F472E3F00FE5691 /* Frameworks */ = {
			isa = PBXFrameworksBuildPhase;
			buildActionMask = 2147483647;
			files = (
			);
			runOnlyForDeploymentPostprocessing = 0;
		};
/* End PBXFrameworksBuildPhase section */

/* Begin PBXGroup section */
		040B70791F47C3270070412C /* ViewControllers */ = {
			isa = PBXGroup;
			children = (
				04B2AAEB1F4A40AE000054E2 /* TabBarViewController.swift */,
				04B2AAED1F4A414E000054E2 /* SeasonViewController.swift */,
				04B2AAE71F4A3D9C000054E2 /* SeasonCell.swift */,
				0479752C1F4AA98A003EE7A8 /* FavoritesViewController.swift */,
				0479752E1F4AA9A5003EE7A8 /* FavoriteCell.swift */,
				04B2AAF11F4A605F000054E2 /* DetailViewController.swift */,
				04D030431F4BB23B003C7F4E /* StarRating.swift */,
			);
			name = ViewControllers;
			sourceTree = "<group>";
		};
		040B707A1F47C3310070412C /* Managers */ = {
			isa = PBXGroup;
			children = (
				040B70671F47C31C0070412C /* APISettings.swift */,
				040B70661F47C31C0070412C /* APIManager.swift */,
				040B706E1F47C31C0070412C /* ShowModel+Parse.swift */,
				040B70801F48A39B0070412C /* SeasonModel+Parse.swift */,
				04C931F91F48FC1F0047A6D8 /* EpisodeModel+Parse.swift */,
				04B2AADF1F494BE6000054E2 /* DataPersistenceManager.swift */,
				04B2AAE31F4A1A9B000054E2 /* EpisodeModel+DataPersistenceKeys.swift */,
				047975261F4A740D003EE7A8 /* URLSession+DownloadImage.swift */,
			);
			name = Managers;
			sourceTree = "<group>";
		};
		040B707B1F47C3480070412C /* Models */ = {
			isa = PBXGroup;
			children = (
				040B706B1F47C31C0070412C /* SeasonModel.swift */,
				040B70681F47C31C0070412C /* EpisodeModel.swift */,
				040B706D1F47C31C0070412C /* ShowModel.swift */,
			);
			name = Models;
			path = ..;
			sourceTree = "<group>";
		};
		040B707C1F47C3630070412C /* Protocols */ = {
			isa = PBXGroup;
			children = (
				040B70651F47C31C0070412C /* APIDelegate.swift */,
				0479752A1F4A8958003EE7A8 /* SeasonCellDelegate.swift */,
				047975301F4ABC84003EE7A8 /* FavoriteCellDelegate.swift */,
			);
			name = Protocols;
			path = ..;
			sourceTree = "<group>";
		};
		040B707D1F47C3A30070412C /* Views */ = {
			isa = PBXGroup;
			children = (
				04C175061F472E3E00FE5691 /* Main.storyboard */,
				04C1750B1F472E3E00FE5691 /* LaunchScreen.storyboard */,
				04D030411F4BAFF9003C7F4E /* StarRating.xib */,
			);
			name = Views;
			sourceTree = "<group>";
		};
		04C174F61F472E3E00FE5691 = {
			isa = PBXGroup;
			children = (
				04C175011F472E3E00FE5691 /* seriesManager */,
				04B2AADC1F4947E9000054E2 /* seriesManager.xcdatamodeld */,
				04C175161F472E3F00FE5691 /* seriesManagerTests */,
				04C175001F472E3E00FE5691 /* Products */,
			);
			sourceTree = "<group>";
		};
		04C175001F472E3E00FE5691 /* Products */ = {
			isa = PBXGroup;
			children = (
				04C174FF1F472E3E00FE5691 /* seriesManager.app */,
				04C175131F472E3F00FE5691 /* seriesManagerTests.xctest */,
			);
			name = Products;
			sourceTree = "<group>";
		};
		04C175011F472E3E00FE5691 /* seriesManager */ = {
			isa = PBXGroup;
			children = (
				040B707B1F47C3480070412C /* Models */,
				040B707A1F47C3310070412C /* Managers */,
				040B707C1F47C3630070412C /* Protocols */,
				040B70791F47C3270070412C /* ViewControllers */,
				040B707D1F47C3A30070412C /* Views */,
				04C175021F472E3E00FE5691 /* AppDelegate.swift */,
				04C175091F472E3E00FE5691 /* Assets.xcassets */,
				04C1750E1F472E3E00FE5691 /* Info.plist */,
			);
			path = seriesManager;
			sourceTree = "<group>";
		};
		04C175161F472E3F00FE5691 /* seriesManagerTests */ = {
			isa = PBXGroup;
			children = (
				040B707E1F47C41F0070412C /* apiManagerTests.swift */,
				04C175191F472E3F00FE5691 /* Info.plist */,
			);
			path = seriesManagerTests;
			sourceTree = "<group>";
		};
/* End PBXGroup section */

/* Begin PBXNativeTarget section */
		04C174FE1F472E3E00FE5691 /* seriesManager */ = {
			isa = PBXNativeTarget;
			buildConfigurationList = 04C1751C1F472E3F00FE5691 /* Build configuration list for PBXNativeTarget "seriesManager" */;
			buildPhases = (
				04C174FB1F472E3E00FE5691 /* Sources */,
				04C174FC1F472E3E00FE5691 /* Frameworks */,
				04C174FD1F472E3E00FE5691 /* Resources */,
			);
			buildRules = (
			);
			dependencies = (
			);
			name = seriesManager;
			productName = seriesManager;
			productReference = 04C174FF1F472E3E00FE5691 /* seriesManager.app */;
			productType = "com.apple.product-type.application";
		};
		04C175121F472E3F00FE5691 /* seriesManagerTests */ = {
			isa = PBXNativeTarget;
			buildConfigurationList = 04C1751F1F472E3F00FE5691 /* Build configuration list for PBXNativeTarget "seriesManagerTests" */;
			buildPhases = (
				04C1750F1F472E3F00FE5691 /* Sources */,
				04C175101F472E3F00FE5691 /* Frameworks */,
				04C175111F472E3F00FE5691 /* Resources */,
			);
			buildRules = (
			);
			dependencies = (
				04C175151F472E3F00FE5691 /* PBXTargetDependency */,
			);
			name = seriesManagerTests;
			productName = seriesManagerTests;
			productReference = 04C175131F472E3F00FE5691 /* seriesManagerTests.xctest */;
			productType = "com.apple.product-type.bundle.unit-test";
		};
/* End PBXNativeTarget section */

/* Begin PBXProject section */
		04C174F71F472E3E00FE5691 /* Project object */ = {
			isa = PBXProject;
			attributes = {
				LastSwiftUpdateCheck = 0830;
				LastUpgradeCheck = 0830;
				ORGANIZATIONNAME = MCS;
				TargetAttributes = {
					04C174FE1F472E3E00FE5691 = {
						CreatedOnToolsVersion = 8.3.3;
						ProvisioningStyle = Automatic;
					};
					04C175121F472E3F00FE5691 = {
						CreatedOnToolsVersion = 8.3.3;
						ProvisioningStyle = Automatic;
						TestTargetID = 04C174FE1F472E3E00FE5691;
					};
				};
			};
			buildConfigurationList = 04C174FA1F472E3E00FE5691 /* Build configuration list for PBXProject "seriesManager" */;
			compatibilityVersion = "Xcode 3.2";
			developmentRegion = English;
			hasScannedForEncodings = 0;
			knownRegions = (
				en,
				Base,
			);
			mainGroup = 04C174F61F472E3E00FE5691;
			productRefGroup = 04C175001F472E3E00FE5691 /* Products */;
			projectDirPath = "";
			projectRoot = "";
			targets = (
				04C174FE1F472E3E00FE5691 /* seriesManager */,
				04C175121F472E3F00FE5691 /* seriesManagerTests */,
			);
		};
/* End PBXProject section */

/* Begin PBXResourcesBuildPhase section */
		04C174FD1F472E3E00FE5691 /* Resources */ = {
			isa = PBXResourcesBuildPhase;
			buildActionMask = 2147483647;
			files = (
				04C1750D1F472E3E00FE5691 /* LaunchScreen.storyboard in Resources */,
				04C1750A1F472E3E00FE5691 /* Assets.xcassets in Resources */,
				04D030421F4BAFF9003C7F4E /* StarRating.xib in Resources */,
				04C175081F472E3E00FE5691 /* Main.storyboard in Resources */,
			);
			runOnlyForDeploymentPostprocessing = 0;
		};
		04C175111F472E3F00FE5691 /* Resources */ = {
			isa = PBXResourcesBuildPhase;
			buildActionMask = 2147483647;
			files = (
			);
			runOnlyForDeploymentPostprocessing = 0;
		};
/* End PBXResourcesBuildPhase section */

/* Begin PBXSourcesBuildPhase section */
		04C174FB1F472E3E00FE5691 /* Sources */ = {
			isa = PBXSourcesBuildPhase;
			buildActionMask = 2147483647;
			files = (
				047975311F4ABC84003EE7A8 /* FavoriteCellDelegate.swift in Sources */,
				040B70701F47C31C0070412C /* APIManager.swift in Sources */,
				04B2AADE1F4947E9000054E2 /* seriesManager.xcdatamodeld in Sources */,
				040B70711F47C31C0070412C /* APISettings.swift in Sources */,
				040B70811F48A39B0070412C /* SeasonModel+Parse.swift in Sources */,
				04C175031F472E3E00FE5691 /* AppDelegate.swift in Sources */,
				040B70751F47C31C0070412C /* SeasonModel.swift in Sources */,
				04B2AAE81F4A3D9C000054E2 /* SeasonCell.swift in Sources */,
				040B70771F47C31C0070412C /* ShowModel.swift in Sources */,
				04B2AAF21F4A605F000054E2 /* DetailViewController.swift in Sources */,
				0479752F1F4AA9A5003EE7A8 /* FavoriteCell.swift in Sources */,
				04B2AAEC1F4A40AE000054E2 /* TabBarViewController.swift in Sources */,
				0479752B1F4A8958003EE7A8 /* SeasonCellDelegate.swift in Sources */,
				04D030441F4BB23B003C7F4E /* StarRating.swift in Sources */,
				04C931FA1F48FC1F0047A6D8 /* EpisodeModel+Parse.swift in Sources */,
				040B706F1F47C31C0070412C /* APIDelegate.swift in Sources */,
				04B2AAE01F494BE6000054E2 /* DataPersistenceManager.swift in Sources */,
				047975271F4A740D003EE7A8 /* URLSession+DownloadImage.swift in Sources */,
				04B2AAE41F4A1A9B000054E2 /* EpisodeModel+DataPersistenceKeys.swift in Sources */,
				040B70781F47C31C0070412C /* ShowModel+Parse.swift in Sources */,
				040B70721F47C31C0070412C /* EpisodeModel.swift in Sources */,
				0479752D1F4AA98A003EE7A8 /* FavoritesViewController.swift in Sources */,
				04B2AAEE1F4A414E000054E2 /* SeasonViewController.swift in Sources */,
			);
			runOnlyForDeploymentPostprocessing = 0;
		};
		04C1750F1F472E3F00FE5691 /* Sources */ = {
			isa = PBXSourcesBuildPhase;
			buildActionMask = 2147483647;
			files = (
				040B707F1F47C41F0070412C /* apiManagerTests.swift in Sources */,
			);
			runOnlyForDeploymentPostprocessing = 0;
		};
/* End PBXSourcesBuildPhase section */

/* Begin PBXTargetDependency section */
		04C175151F472E3F00FE5691 /* PBXTargetDependency */ = {
			isa = PBXTargetDependency;
			target = 04C174FE1F472E3E00FE5691 /* seriesManager */;
			targetProxy = 04C175141F472E3F00FE5691 /* PBXContainerItemProxy */;
		};
/* End PBXTargetDependency section */

/* Begin PBXVariantGroup section */
		04C175061F472E3E00FE5691 /* Main.storyboard */ = {
			isa = PBXVariantGroup;
			children = (
				04C175071F472E3E00FE5691 /* Base */,
			);
			name = Main.storyboard;
			sourceTree = "<group>";
		};
		04C1750B1F472E3E00FE5691 /* LaunchScreen.storyboard */ = {
			isa = PBXVariantGroup;
			children = (
				04C1750C1F472E3E00FE5691 /* Base */,
			);
			name = LaunchScreen.storyboard;
			sourceTree = "<group>";
		};
/* End PBXVariantGroup section */

/* Begin XCBuildConfiguration section */
		04C1751A1F472E3F00FE5691 /* Debug */ = {
			isa = XCBuildConfiguration;
			buildSettings = {
				ALWAYS_SEARCH_USER_PATHS = NO;
				CLANG_ANALYZER_NONNULL = YES;
				CLANG_ANALYZER_NUMBER_OBJECT_CONVERSION = YES_AGGRESSIVE;
				CLANG_CXX_LANGUAGE_STANDARD = "gnu++0x";
				CLANG_CXX_LIBRARY = "libc++";
				CLANG_ENABLE_MODULES = YES;
				CLANG_ENABLE_OBJC_ARC = YES;
				CLANG_WARN_BOOL_CONVERSION = YES;
				CLANG_WARN_CONSTANT_CONVERSION = YES;
				CLANG_WARN_DIRECT_OBJC_ISA_USAGE = YES_ERROR;
				CLANG_WARN_DOCUMENTATION_COMMENTS = YES;
				CLANG_WARN_EMPTY_BODY = YES;
				CLANG_WARN_ENUM_CONVERSION = YES;
				CLANG_WARN_INFINITE_RECURSION = YES;
				CLANG_WARN_INT_CONVERSION = YES;
				CLANG_WARN_OBJC_ROOT_CLASS = YES_ERROR;
				CLANG_WARN_SUSPICIOUS_MOVE = YES;
				CLANG_WARN_UNREACHABLE_CODE = YES;
				CLANG_WARN__DUPLICATE_METHOD_MATCH = YES;
				"CODE_SIGN_IDENTITY[sdk=iphoneos*]" = "iPhone Developer";
				COPY_PHASE_STRIP = NO;
				DEBUG_INFORMATION_FORMAT = dwarf;
				ENABLE_STRICT_OBJC_MSGSEND = YES;
				ENABLE_TESTABILITY = YES;
				GCC_C_LANGUAGE_STANDARD = gnu99;
				GCC_DYNAMIC_NO_PIC = NO;
				GCC_NO_COMMON_BLOCKS = YES;
				GCC_OPTIMIZATION_LEVEL = 0;
				GCC_PREPROCESSOR_DEFINITIONS = (
					"DEBUG=1",
					"$(inherited)",
				);
				GCC_WARN_64_TO_32_BIT_CONVERSION = YES;
				GCC_WARN_ABOUT_RETURN_TYPE = YES_ERROR;
				GCC_WARN_UNDECLARED_SELECTOR = YES;
				GCC_WARN_UNINITIALIZED_AUTOS = YES_AGGRESSIVE;
				GCC_WARN_UNUSED_FUNCTION = YES;
				GCC_WARN_UNUSED_VARIABLE = YES;
				IPHONEOS_DEPLOYMENT_TARGET = 10.3;
				MTL_ENABLE_DEBUG_INFO = YES;
				ONLY_ACTIVE_ARCH = YES;
				SDKROOT = iphoneos;
				SWIFT_ACTIVE_COMPILATION_CONDITIONS = DEBUG;
				SWIFT_OPTIMIZATION_LEVEL = "-Onone";
			};
			name = Debug;
		};
		04C1751B1F472E3F00FE5691 /* Release */ = {
			isa = XCBuildConfiguration;
			buildSettings = {
				ALWAYS_SEARCH_USER_PATHS = NO;
				CLANG_ANALYZER_NONNULL = YES;
				CLANG_ANALYZER_NUMBER_OBJECT_CONVERSION = YES_AGGRESSIVE;
				CLANG_CXX_LANGUAGE_STANDARD = "gnu++0x";
				CLANG_CXX_LIBRARY = "libc++";
				CLANG_ENABLE_MODULES = YES;
				CLANG_ENABLE_OBJC_ARC = YES;
				CLANG_WARN_BOOL_CONVERSION = YES;
				CLANG_WARN_CONSTANT_CONVERSION = YES;
				CLANG_WARN_DIRECT_OBJC_ISA_USAGE = YES_ERROR;
				CLANG_WARN_DOCUMENTATION_COMMENTS = YES;
				CLANG_WARN_EMPTY_BODY = YES;
				CLANG_WARN_ENUM_CONVERSION = YES;
				CLANG_WARN_INFINITE_RECURSION = YES;
				CLANG_WARN_INT_CONVERSION = YES;
				CLANG_WARN_OBJC_ROOT_CLASS = YES_ERROR;
				CLANG_WARN_SUSPICIOUS_MOVE = YES;
				CLANG_WARN_UNREACHABLE_CODE = YES;
				CLANG_WARN__DUPLICATE_METHOD_MATCH = YES;
				"CODE_SIGN_IDENTITY[sdk=iphoneos*]" = "iPhone Developer";
				COPY_PHASE_STRIP = NO;
				DEBUG_INFORMATION_FORMAT = "dwarf-with-dsym";
				ENABLE_NS_ASSERTIONS = NO;
				ENABLE_STRICT_OBJC_MSGSEND = YES;
				GCC_C_LANGUAGE_STANDARD = gnu99;
				GCC_NO_COMMON_BLOCKS = YES;
				GCC_WARN_64_TO_32_BIT_CONVERSION = YES;
				GCC_WARN_ABOUT_RETURN_TYPE = YES_ERROR;
				GCC_WARN_UNDECLARED_SELECTOR = YES;
				GCC_WARN_UNINITIALIZED_AUTOS = YES_AGGRESSIVE;
				GCC_WARN_UNUSED_FUNCTION = YES;
				GCC_WARN_UNUSED_VARIABLE = YES;
				IPHONEOS_DEPLOYMENT_TARGET = 10.3;
				MTL_ENABLE_DEBUG_INFO = NO;
				SDKROOT = iphoneos;
				SWIFT_OPTIMIZATION_LEVEL = "-Owholemodule";
				VALIDATE_PRODUCT = YES;
			};
			name = Release;
		};
		04C1751D1F472E3F00FE5691 /* Debug */ = {
			isa = XCBuildConfiguration;
			buildSettings = {
				ASSETCATALOG_COMPILER_APPICON_NAME = AppIcon;
				INFOPLIST_FILE = seriesManager/Info.plist;
				LD_RUNPATH_SEARCH_PATHS = "$(inherited) @executable_path/Frameworks";
				PRODUCT_BUNDLE_IDENTIFIER = test.seriesManager;
				PRODUCT_NAME = "$(TARGET_NAME)";
				SWIFT_VERSION = 3.0;
			};
			name = Debug;
		};
		04C1751E1F472E3F00FE5691 /* Release */ = {
			isa = XCBuildConfiguration;
			buildSettings = {
				ASSETCATALOG_COMPILER_APPICON_NAME = AppIcon;
				INFOPLIST_FILE = seriesManager/Info.plist;
				LD_RUNPATH_SEARCH_PATHS = "$(inherited) @executable_path/Frameworks";
				PRODUCT_BUNDLE_IDENTIFIER = test.seriesManager;
				PRODUCT_NAME = "$(TARGET_NAME)";
				SWIFT_VERSION = 3.0;
			};
			name = Release;
		};
		04C175201F472E3F00FE5691 /* Debug */ = {
			isa = XCBuildConfiguration;
			buildSettings = {
				ALWAYS_EMBED_SWIFT_STANDARD_LIBRARIES = YES;
				BUNDLE_LOADER = "$(TEST_HOST)";
				INFOPLIST_FILE = seriesManagerTests/Info.plist;
				LD_RUNPATH_SEARCH_PATHS = "$(inherited) @executable_path/Frameworks @loader_path/Frameworks";
				PRODUCT_BUNDLE_IDENTIFIER = test.seriesManagerTests;
				PRODUCT_NAME = "$(TARGET_NAME)";
				SWIFT_VERSION = 3.0;
				TEST_HOST = "$(BUILT_PRODUCTS_DIR)/seriesManager.app/seriesManager";
			};
			name = Debug;
		};
		04C175211F472E3F00FE5691 /* Release */ = {
			isa = XCBuildConfiguration;
			buildSettings = {
				ALWAYS_EMBED_SWIFT_STANDARD_LIBRARIES = YES;
				BUNDLE_LOADER = "$(TEST_HOST)";
				INFOPLIST_FILE = seriesManagerTests/Info.plist;
				LD_RUNPATH_SEARCH_PATHS = "$(inherited) @executable_path/Frameworks @loader_path/Frameworks";
				PRODUCT_BUNDLE_IDENTIFIER = test.seriesManagerTests;
				PRODUCT_NAME = "$(TARGET_NAME)";
				SWIFT_VERSION = 3.0;
				TEST_HOST = "$(BUILT_PRODUCTS_DIR)/seriesManager.app/seriesManager";
			};
			name = Release;
		};
/* End XCBuildConfiguration section */

/* Begin XCConfigurationList section */
		04C174FA1F472E3E00FE5691 /* Build configuration list for PBXProject "seriesManager" */ = {
			isa = XCConfigurationList;
			buildConfigurations = (
				04C1751A1F472E3F00FE5691 /* Debug */,
				04C1751B1F472E3F00FE5691 /* Release */,
			);
			defaultConfigurationIsVisible = 0;
			defaultConfigurationName = Release;
		};
		04C1751C1F472E3F00FE5691 /* Build configuration list for PBXNativeTarget "seriesManager" */ = {
			isa = XCConfigurationList;
			buildConfigurations = (
				04C1751D1F472E3F00FE5691 /* Debug */,
				04C1751E1F472E3F00FE5691 /* Release */,
			);
			defaultConfigurationIsVisible = 0;
			defaultConfigurationName = Release;
		};
		04C1751F1F472E3F00FE5691 /* Build configuration list for PBXNativeTarget "seriesManagerTests" */ = {
			isa = XCConfigurationList;
			buildConfigurations = (
				04C175201F472E3F00FE5691 /* Debug */,
				04C175211F472E3F00FE5691 /* Release */,
			);
			defaultConfigurationIsVisible = 0;
			defaultConfigurationName = Release;
		};
/* End XCConfigurationList section */

/* Begin XCVersionGroup section */
		04B2AADC1F4947E9000054E2 /* seriesManager.xcdatamodeld */ = {
			isa = XCVersionGroup;
			children = (
				04B2AADD1F4947E9000054E2 /* seriesManager.xcdatamodel */,
			);
			currentVersion = 04B2AADD1F4947E9000054E2 /* seriesManager.xcdatamodel */;
			name = seriesManager.xcdatamodeld;
			path = seriesManager/seriesManager.xcdatamodeld;
			sourceTree = "<group>";
			versionGroupType = wrapper.xcdatamodel;
		};
/* End XCVersionGroup section */
	};
	rootObject = 04C174F71F472E3E00FE5691 /* Project object */;
}
