// !$*UTF8*$!
{
	archiveVersion = 1;
	classes = {
	};
	objectVersion = 46;
	objects = {

/* Begin PBXBuildFile section */
		04C175311F4778C500FE5691 /* AppDelegate.swift in Sources */ = {isa = PBXBuildFile; fileRef = 04C175301F4778C500FE5691 /* AppDelegate.swift */; };
		04C175331F4778C500FE5691 /* ViewController.swift in Sources */ = {isa = PBXBuildFile; fileRef = 04C175321F4778C500FE5691 /* ViewController.swift */; };
		04C175361F4778C500FE5691 /* Main.storyboard in Resources */ = {isa = PBXBuildFile; fileRef = 04C175341F4778C500FE5691 /* Main.storyboard */; };
		04C175381F4778C500FE5691 /* Assets.xcassets in Resources */ = {isa = PBXBuildFile; fileRef = 04C175371F4778C500FE5691 /* Assets.xcassets */; };
		04C1753B1F4778C500FE5691 /* LaunchScreen.storyboard in Resources */ = {isa = PBXBuildFile; fileRef = 04C175391F4778C500FE5691 /* LaunchScreen.storyboard */; };
		04C175461F4778C600FE5691 /* seriesManagerTests.swift in Sources */ = {isa = PBXBuildFile; fileRef = 04C175451F4778C600FE5691 /* seriesManagerTests.swift */; };
/* End PBXBuildFile section */

/* Begin PBXContainerItemProxy section */
		04C175421F4778C600FE5691 /* PBXContainerItemProxy */ = {
			isa = PBXContainerItemProxy;
			containerPortal = 04C175251F4778C500FE5691 /* Project object */;
			proxyType = 1;
			remoteGlobalIDString = 04C1752C1F4778C500FE5691;
			remoteInfo = seriesManager;
		};
/* End PBXContainerItemProxy section */

/* Begin PBXFileReference section */
		04C1752D1F4778C500FE5691 /* seriesManager.app */ = {isa = PBXFileReference; explicitFileType = wrapper.application; includeInIndex = 0; path = seriesManager.app; sourceTree = BUILT_PRODUCTS_DIR; };
		04C175301F4778C500FE5691 /* AppDelegate.swift */ = {isa = PBXFileReference; lastKnownFileType = sourcecode.swift; path = AppDelegate.swift; sourceTree = "<group>"; };
		04C175321F4778C500FE5691 /* ViewController.swift */ = {isa = PBXFileReference; lastKnownFileType = sourcecode.swift; path = ViewController.swift; sourceTree = "<group>"; };
		04C175351F4778C500FE5691 /* Base */ = {isa = PBXFileReference; lastKnownFileType = file.storyboard; name = Base; path = Base.lproj/Main.storyboard; sourceTree = "<group>"; };
		04C175371F4778C500FE5691 /* Assets.xcassets */ = {isa = PBXFileReference; lastKnownFileType = folder.assetcatalog; path = Assets.xcassets; sourceTree = "<group>"; };
		04C1753A1F4778C500FE5691 /* Base */ = {isa = PBXFileReference; lastKnownFileType = file.storyboard; name = Base; path = Base.lproj/LaunchScreen.storyboard; sourceTree = "<group>"; };
		04C1753C1F4778C500FE5691 /* Info.plist */ = {isa = PBXFileReference; lastKnownFileType = text.plist.xml; path = Info.plist; sourceTree = "<group>"; };
		04C175411F4778C600FE5691 /* seriesManagerTests.xctest */ = {isa = PBXFileReference; explicitFileType = wrapper.cfbundle; includeInIndex = 0; path = seriesManagerTests.xctest; sourceTree = BUILT_PRODUCTS_DIR; };
		04C175451F4778C600FE5691 /* seriesManagerTests.swift */ = {isa = PBXFileReference; lastKnownFileType = sourcecode.swift; path = seriesManagerTests.swift; sourceTree = "<group>"; };
		04C175471F4778C600FE5691 /* Info.plist */ = {isa = PBXFileReference; lastKnownFileType = text.plist.xml; path = Info.plist; sourceTree = "<group>"; };
/* End PBXFileReference section */

/* Begin PBXFrameworksBuildPhase section */
		04C1752A1F4778C500FE5691 /* Frameworks */ = {
			isa = PBXFrameworksBuildPhase;
			buildActionMask = 2147483647;
			files = (
			);
			runOnlyForDeploymentPostprocessing = 0;
		};
		04C1753E1F4778C600FE5691 /* Frameworks */ = {
			isa = PBXFrameworksBuildPhase;
			buildActionMask = 2147483647;
			files = (
			);
			runOnlyForDeploymentPostprocessing = 0;
		};
/* End PBXFrameworksBuildPhase section */

/* Begin PBXGroup section */
		04C175241F4778C500FE5691 = {
			isa = PBXGroup;
			children = (
				04C1752F1F4778C500FE5691 /* seriesManager */,
				04C175441F4778C600FE5691 /* seriesManagerTests */,
				04C1752E1F4778C500FE5691 /* Products */,
			);
			sourceTree = "<group>";
		};
		04C1752E1F4778C500FE5691 /* Products */ = {
			isa = PBXGroup;
			children = (
				04C1752D1F4778C500FE5691 /* seriesManager.app */,
				04C175411F4778C600FE5691 /* seriesManagerTests.xctest */,
			);
			name = Products;
			sourceTree = "<group>";
		};
		04C1752F1F4778C500FE5691 /* seriesManager */ = {
			isa = PBXGroup;
			children = (
				04C175301F4778C500FE5691 /* AppDelegate.swift */,
				04C175321F4778C500FE5691 /* ViewController.swift */,
				04C175341F4778C500FE5691 /* Main.storyboard */,
				04C175371F4778C500FE5691 /* Assets.xcassets */,
				04C175391F4778C500FE5691 /* LaunchScreen.storyboard */,
				04C1753C1F4778C500FE5691 /* Info.plist */,
			);
			path = seriesManager;
			sourceTree = "<group>";
		};
		04C175441F4778C600FE5691 /* seriesManagerTests */ = {
			isa = PBXGroup;
			children = (
				04C175451F4778C600FE5691 /* seriesManagerTests.swift */,
				04C175471F4778C600FE5691 /* Info.plist */,
			);
			path = seriesManagerTests;
			sourceTree = "<group>";
		};
/* End PBXGroup section */

/* Begin PBXNativeTarget section */
		04C1752C1F4778C500FE5691 /* seriesManager */ = {
			isa = PBXNativeTarget;
			buildConfigurationList = 04C1754A1F4778C600FE5691 /* Build configuration list for PBXNativeTarget "seriesManager" */;
			buildPhases = (
				04C175291F4778C500FE5691 /* Sources */,
				04C1752A1F4778C500FE5691 /* Frameworks */,
				04C1752B1F4778C500FE5691 /* Resources */,
			);
			buildRules = (
			);
			dependencies = (
			);
			name = seriesManager;
			productName = seriesManager;
			productReference = 04C1752D1F4778C500FE5691 /* seriesManager.app */;
			productType = "com.apple.product-type.application";
		};
		04C175401F4778C600FE5691 /* seriesManagerTests */ = {
			isa = PBXNativeTarget;
			buildConfigurationList = 04C1754D1F4778C600FE5691 /* Build configuration list for PBXNativeTarget "seriesManagerTests" */;
			buildPhases = (
				04C1753D1F4778C600FE5691 /* Sources */,
				04C1753E1F4778C600FE5691 /* Frameworks */,
				04C1753F1F4778C600FE5691 /* Resources */,
			);
			buildRules = (
			);
			dependencies = (
				04C175431F4778C600FE5691 /* PBXTargetDependency */,
			);
			name = seriesManagerTests;
			productName = seriesManagerTests;
			productReference = 04C175411F4778C600FE5691 /* seriesManagerTests.xctest */;
			productType = "com.apple.product-type.bundle.unit-test";
		};
/* End PBXNativeTarget section */

/* Begin PBXProject section */
		04C175251F4778C500FE5691 /* Project object */ = {
			isa = PBXProject;
			attributes = {
				LastSwiftUpdateCheck = 0830;
				LastUpgradeCheck = 0830;
				ORGANIZATIONNAME = MCS;
				TargetAttributes = {
					04C1752C1F4778C500FE5691 = {
						CreatedOnToolsVersion = 8.3.3;
						ProvisioningStyle = Automatic;
					};
					04C175401F4778C600FE5691 = {
						CreatedOnToolsVersion = 8.3.3;
						ProvisioningStyle = Automatic;
						TestTargetID = 04C1752C1F4778C500FE5691;
					};
				};
			};
			buildConfigurationList = 04C175281F4778C500FE5691 /* Build configuration list for PBXProject "seriesManager" */;
			compatibilityVersion = "Xcode 3.2";
			developmentRegion = English;
			hasScannedForEncodings = 0;
			knownRegions = (
				en,
				Base,
			);
			mainGroup = 04C175241F4778C500FE5691;
			productRefGroup = 04C1752E1F4778C500FE5691 /* Products */;
			projectDirPath = "";
			projectRoot = "";
			targets = (
				04C1752C1F4778C500FE5691 /* seriesManager */,
				04C175401F4778C600FE5691 /* seriesManagerTests */,
			);
		};
/* End PBXProject section */

/* Begin PBXResourcesBuildPhase section */
		04C1752B1F4778C500FE5691 /* Resources */ = {
			isa = PBXResourcesBuildPhase;
			buildActionMask = 2147483647;
			files = (
				04C1753B1F4778C500FE5691 /* LaunchScreen.storyboard in Resources */,
				04C175381F4778C500FE5691 /* Assets.xcassets in Resources */,
				04C175361F4778C500FE5691 /* Main.storyboard in Resources */,
			);
			runOnlyForDeploymentPostprocessing = 0;
		};
		04C1753F1F4778C600FE5691 /* Resources */ = {
			isa = PBXResourcesBuildPhase;
			buildActionMask = 2147483647;
			files = (
			);
			runOnlyForDeploymentPostprocessing = 0;
		};
/* End PBXResourcesBuildPhase section */

/* Begin PBXSourcesBuildPhase section */
		04C175291F4778C500FE5691 /* Sources */ = {
			isa = PBXSourcesBuildPhase;
			buildActionMask = 2147483647;
			files = (
				04C175331F4778C500FE5691 /* ViewController.swift in Sources */,
				04C175311F4778C500FE5691 /* AppDelegate.swift in Sources */,
			);
			runOnlyForDeploymentPostprocessing = 0;
		};
		04C1753D1F4778C600FE5691 /* Sources */ = {
			isa = PBXSourcesBuildPhase;
			buildActionMask = 2147483647;
			files = (
				04C175461F4778C600FE5691 /* seriesManagerTests.swift in Sources */,
			);
			runOnlyForDeploymentPostprocessing = 0;
		};
/* End PBXSourcesBuildPhase section */

/* Begin PBXTargetDependency section */
		04C175431F4778C600FE5691 /* PBXTargetDependency */ = {
			isa = PBXTargetDependency;
			target = 04C1752C1F4778C500FE5691 /* seriesManager */;
			targetProxy = 04C175421F4778C600FE5691 /* PBXContainerItemProxy */;
		};
/* End PBXTargetDependency section */

/* Begin PBXVariantGroup section */
		04C175341F4778C500FE5691 /* Main.storyboard */ = {
			isa = PBXVariantGroup;
			children = (
				04C175351F4778C500FE5691 /* Base */,
			);
			name = Main.storyboard;
			sourceTree = "<group>";
		};
		04C175391F4778C500FE5691 /* LaunchScreen.storyboard */ = {
			isa = PBXVariantGroup;
			children = (
				04C1753A1F4778C500FE5691 /* Base */,
			);
			name = LaunchScreen.storyboard;
			sourceTree = "<group>";
		};
/* End PBXVariantGroup section */

/* Begin XCBuildConfiguration section */
		04C175481F4778C600FE5691 /* Debug */ = {
			isa = XCBuildConfiguration;
			buildSettings = {
				ALWAYS_SEARCH_USER_PATHS = NO;
				CLANG_ANALYZER_NONNULL = YES;
				CLANG_ANALYZER_NUMBER_OBJECT_CONVERSION = YES_AGGRESSIVE;
				CLANG_CXX_LANGUAGE_STANDARD = "gnu++0x";
				CLANG_CXX_LIBRARY = "libc++";
				CLANG_ENABLE_MODULES = YES;
				CLANG_ENABLE_OBJC_ARC = YES;
				CLANG_WARN_BOOL_CONVERSION = YES;
				CLANG_WARN_CONSTANT_CONVERSION = YES;
				CLANG_WARN_DIRECT_OBJC_ISA_USAGE = YES_ERROR;
				CLANG_WARN_DOCUMENTATION_COMMENTS = YES;
				CLANG_WARN_EMPTY_BODY = YES;
				CLANG_WARN_ENUM_CONVERSION = YES;
				CLANG_WARN_INFINITE_RECURSION = YES;
				CLANG_WARN_INT_CONVERSION = YES;
				CLANG_WARN_OBJC_ROOT_CLASS = YES_ERROR;
				CLANG_WARN_SUSPICIOUS_MOVE = YES;
				CLANG_WARN_UNREACHABLE_CODE = YES;
				CLANG_WARN__DUPLICATE_METHOD_MATCH = YES;
				"CODE_SIGN_IDENTITY[sdk=iphoneos*]" = "iPhone Developer";
				COPY_PHASE_STRIP = NO;
				DEBUG_INFORMATION_FORMAT = dwarf;
				ENABLE_STRICT_OBJC_MSGSEND = YES;
				ENABLE_TESTABILITY = YES;
				GCC_C_LANGUAGE_STANDARD = gnu99;
				GCC_DYNAMIC_NO_PIC = NO;
				GCC_NO_COMMON_BLOCKS = YES;
				GCC_OPTIMIZATION_LEVEL = 0;
				GCC_PREPROCESSOR_DEFINITIONS = (
					"DEBUG=1",
					"$(inherited)",
				);
				GCC_WARN_64_TO_32_BIT_CONVERSION = YES;
				GCC_WARN_ABOUT_RETURN_TYPE = YES_ERROR;
				GCC_WARN_UNDECLARED_SELECTOR = YES;
				GCC_WARN_UNINITIALIZED_AUTOS = YES_AGGRESSIVE;
				GCC_WARN_UNUSED_FUNCTION = YES;
				GCC_WARN_UNUSED_VARIABLE = YES;
				IPHONEOS_DEPLOYMENT_TARGET = 10.3;
				MTL_ENABLE_DEBUG_INFO = YES;
				ONLY_ACTIVE_ARCH = YES;
				SDKROOT = iphoneos;
				SWIFT_ACTIVE_COMPILATION_CONDITIONS = DEBUG;
				SWIFT_OPTIMIZATION_LEVEL = "-Onone";
			};
			name = Debug;
		};
		04C175491F4778C600FE5691 /* Release */ = {
			isa = XCBuildConfiguration;
			buildSettings = {
				ALWAYS_SEARCH_USER_PATHS = NO;
				CLANG_ANALYZER_NONNULL = YES;
				CLANG_ANALYZER_NUMBER_OBJECT_CONVERSION = YES_AGGRESSIVE;
				CLANG_CXX_LANGUAGE_STANDARD = "gnu++0x";
				CLANG_CXX_LIBRARY = "libc++";
				CLANG_ENABLE_MODULES = YES;
				CLANG_ENABLE_OBJC_ARC = YES;
				CLANG_WARN_BOOL_CONVERSION = YES;
				CLANG_WARN_CONSTANT_CONVERSION = YES;
				CLANG_WARN_DIRECT_OBJC_ISA_USAGE = YES_ERROR;
				CLANG_WARN_DOCUMENTATION_COMMENTS = YES;
				CLANG_WARN_EMPTY_BODY = YES;
				CLANG_WARN_ENUM_CONVERSION = YES;
				CLANG_WARN_INFINITE_RECURSION = YES;
				CLANG_WARN_INT_CONVERSION = YES;
				CLANG_WARN_OBJC_ROOT_CLASS = YES_ERROR;
				CLANG_WARN_SUSPICIOUS_MOVE = YES;
				CLANG_WARN_UNREACHABLE_CODE = YES;
				CLANG_WARN__DUPLICATE_METHOD_MATCH = YES;
				"CODE_SIGN_IDENTITY[sdk=iphoneos*]" = "iPhone Developer";
				COPY_PHASE_STRIP = NO;
				DEBUG_INFORMATION_FORMAT = "dwarf-with-dsym";
				ENABLE_NS_ASSERTIONS = NO;
				ENABLE_STRICT_OBJC_MSGSEND = YES;
				GCC_C_LANGUAGE_STANDARD = gnu99;
				GCC_NO_COMMON_BLOCKS = YES;
				GCC_WARN_64_TO_32_BIT_CONVERSION = YES;
				GCC_WARN_ABOUT_RETURN_TYPE = YES_ERROR;
				GCC_WARN_UNDECLARED_SELECTOR = YES;
				GCC_WARN_UNINITIALIZED_AUTOS = YES_AGGRESSIVE;
				GCC_WARN_UNUSED_FUNCTION = YES;
				GCC_WARN_UNUSED_VARIABLE = YES;
				IPHONEOS_DEPLOYMENT_TARGET = 10.3;
				MTL_ENABLE_DEBUG_INFO = NO;
				SDKROOT = iphoneos;
				SWIFT_OPTIMIZATION_LEVEL = "-Owholemodule";
				VALIDATE_PRODUCT = YES;
			};
			name = Release;
		};
		04C1754B1F4778C600FE5691 /* Debug */ = {
			isa = XCBuildConfiguration;
			buildSettings = {
				ASSETCATALOG_COMPILER_APPICON_NAME = AppIcon;
				INFOPLIST_FILE = seriesManager/Info.plist;
				LD_RUNPATH_SEARCH_PATHS = "$(inherited) @executable_path/Frameworks";
				PRODUCT_BUNDLE_IDENTIFIER = test.seriesManager;
				PRODUCT_NAME = "$(TARGET_NAME)";
				SWIFT_VERSION = 3.0;
			};
			name = Debug;
		};
		04C1754C1F4778C600FE5691 /* Release */ = {
			isa = XCBuildConfiguration;
			buildSettings = {
				ASSETCATALOG_COMPILER_APPICON_NAME = AppIcon;
				INFOPLIST_FILE = seriesManager/Info.plist;
				LD_RUNPATH_SEARCH_PATHS = "$(inherited) @executable_path/Frameworks";
				PRODUCT_BUNDLE_IDENTIFIER = test.seriesManager;
				PRODUCT_NAME = "$(TARGET_NAME)";
				SWIFT_VERSION = 3.0;
			};
			name = Release;
		};
		04C1754E1F4778C600FE5691 /* Debug */ = {
			isa = XCBuildConfiguration;
			buildSettings = {
				ALWAYS_EMBED_SWIFT_STANDARD_LIBRARIES = YES;
				BUNDLE_LOADER = "$(TEST_HOST)";
				INFOPLIST_FILE = seriesManagerTests/Info.plist;
				LD_RUNPATH_SEARCH_PATHS = "$(inherited) @executable_path/Frameworks @loader_path/Frameworks";
				PRODUCT_BUNDLE_IDENTIFIER = test.seriesManagerTests;
				PRODUCT_NAME = "$(TARGET_NAME)";
				SWIFT_VERSION = 3.0;
				TEST_HOST = "$(BUILT_PRODUCTS_DIR)/seriesManager.app/seriesManager";
			};
			name = Debug;
		};
		04C1754F1F4778C600FE5691 /* Release */ = {
			isa = XCBuildConfiguration;
			buildSettings = {
				ALWAYS_EMBED_SWIFT_STANDARD_LIBRARIES = YES;
				BUNDLE_LOADER = "$(TEST_HOST)";
				INFOPLIST_FILE = seriesManagerTests/Info.plist;
				LD_RUNPATH_SEARCH_PATHS = "$(inherited) @executable_path/Frameworks @loader_path/Frameworks";
				PRODUCT_BUNDLE_IDENTIFIER = test.seriesManagerTests;
				PRODUCT_NAME = "$(TARGET_NAME)";
				SWIFT_VERSION = 3.0;
				TEST_HOST = "$(BUILT_PRODUCTS_DIR)/seriesManager.app/seriesManager";
			};
			name = Release;
		};
/* End XCBuildConfiguration section */

/* Begin XCConfigurationList section */
		04C175281F4778C500FE5691 /* Build configuration list for PBXProject "seriesManager" */ = {
			isa = XCConfigurationList;
			buildConfigurations = (
				04C175481F4778C600FE5691 /* Debug */,
				04C175491F4778C600FE5691 /* Release */,
			);
			defaultConfigurationIsVisible = 0;
			defaultConfigurationName = Release;
		};
		04C1754A1F4778C600FE5691 /* Build configuration list for PBXNativeTarget "seriesManager" */ = {
			isa = XCConfigurationList;
			buildConfigurations = (
				04C1754B1F4778C600FE5691 /* Debug */,
				04C1754C1F4778C600FE5691 /* Release */,
			);
			defaultConfigurationIsVisible = 0;
		};
		04C1754D1F4778C600FE5691 /* Build configuration list for PBXNativeTarget "seriesManagerTests" */ = {
			isa = XCConfigurationList;
			buildConfigurations = (
				04C1754E1F4778C600FE5691 /* Debug */,
				04C1754F1F4778C600FE5691 /* Release */,
			);
			defaultConfigurationIsVisible = 0;
		};
/* End XCConfigurationList section */
	};
	rootObject = 04C175251F4778C500FE5691 /* Project object */;
}
